
Microsoft Visual Studio Solution File, Format Version 12.00
# Visual Studio Version 17
VisualStudioVersion = 17.14.36310.24 d17.14
MinimumVisualStudioVersion = 10.0.40219.1
Project("{FAE04EC0-301F-11D3-BF4B-00C04F79EFBC}") = "Symlink Creator", "Symlink Creator\Symlink Creator.csproj", "{B92A15F1-D627-40C3-9BEA-CE8977435DE9}"
EndProject
Project("{2150E333-8FDC-42A3-9474-1A3956D46DE8}") = "Solution Items", "Solution Items", "{8EC462FD-D22E-90A8-E5CE-7E832BA40C5D}"
	ProjectSection(SolutionItems) = preProject
		.gitignore = .gitignore
		Directory.Packages.props = Directory.Packages.props
	EndProjectSection
EndProject
Global
	GlobalSection(SolutionConfigurationPlatforms) = preSolution
		CD_ROM|Any CPU = CD_ROM|Any CPU
		Debug|Any CPU = Debug|Any CPU
		DVD-5|Any CPU = DVD-5|Any CPU
		Release|Any CPU = Release|Any CPU
		SingleImage|Any CPU = SingleImage|Any CPU
	EndGlobalSection
	GlobalSection(ProjectConfigurationPlatforms) = postSolution
		{B92A15F1-D627-40C3-9BEA-CE8977435DE9}.CD_ROM|Any CPU.ActiveCfg = Release|Any CPU
		{B92A15F1-D627-40C3-9BEA-CE8977435DE9}.CD_ROM|Any CPU.Build.0 = Release|Any CPU
		{B92A15F1-D627-40C3-9BEA-CE8977435DE9}.Debug|Any CPU.ActiveCfg = Debug|Any CPU
		{B92A15F1-D627-40C3-9BEA-CE8977435DE9}.Debug|Any CPU.Build.0 = Debug|Any CPU
		{B92A15F1-D627-40C3-9BEA-CE8977435DE9}.DVD-5|Any CPU.ActiveCfg = Debug|Any CPU
		{B92A15F1-D627-40C3-9BEA-CE8977435DE9}.DVD-5|Any CPU.Build.0 = Debug|Any CPU
		{B92A15F1-D627-40C3-9BEA-CE8977435DE9}.Release|Any CPU.ActiveCfg = Release|Any CPU
		{B92A15F1-D627-40C3-9BEA-CE8977435DE9}.Release|Any CPU.Build.0 = Release|Any CPU
		{B92A15F1-D627-40C3-9BEA-CE8977435DE9}.SingleImage|Any CPU.ActiveCfg = Release|Any CPU
		{B92A15F1-D627-40C3-9BEA-CE8977435DE9}.SingleImage|Any CPU.Build.0 = Release|Any CPU
	EndGlobalSection
	GlobalSection(SolutionProperties) = preSolution
		HideSolutionNode = FALSE
	EndGlobalSection
	GlobalSection(SubversionScc) = preSolution
		Svn-Managed = True
		Manager = AnkhSVN - Subversion Support for Visual Studio
	EndGlobalSection
EndGlobal
